// !$*UTF8*$!
{
	archiveVersion = 1;
	classes = {
	};
	objectVersion = 50;
	objects = {

/* Begin PBXFileReference section */
		0B647E8D25C1CB6500E2A48B /* sampleObjC.xcodeproj */ = {isa = PBXFileReference; lastKnownFileType = "wrapper.pb-project"; name = sampleObjC.xcodeproj; path = sampleObjC/sampleObjC.xcodeproj; sourceTree = "<group>"; };
/* End PBXFileReference section */

/* Begin PBXGroup section */
		0B1E60EC25C1CB2E0077148A = {
			isa = PBXGroup;
			children = (
				0B647E8D25C1CB6500E2A48B /* sampleObjC.xcodeproj */,
			);
			sourceTree = "<group>";
		};
/* End PBXGroup section */

/* Begin PBXProject section */
		0B1E60ED25C1CB2E0077148A /* Project object */ = {
			isa = PBXProject;
			attributes = {
				LastUpgradeCheck = 1210;
			};
			buildConfigurationList = 0B1E60F025C1CB2E0077148A /* Build configuration list for PBXProject "sample" */;
			compatibilityVersion = "Xcode 9.3";
			developmentRegion = en;
			hasScannedForEncodings = 0;
			knownRegions = (
				en,
				Base,
			);
			mainGroup = 0B1E60EC25C1CB2E0077148A;
			projectDirPath = "";
			projectRoot = "";
			targets = (
			);
		};
/* End PBXProject section */

/* Begin XCBuildConfiguration section */
		0B1E60F125C1CB2E0077148A /* Debug */ = {
			isa = XCBuildConfiguration;
			buildSettings = {
			};
			name = Debug;
		};
		0B1E60F225C1CB2E0077148A /* Release */ = {
			isa = XCBuildConfiguration;
			buildSettings = {
			};
			name = Release;
		};
/* End XCBuildConfiguration section */

/* Begin XCConfigurationList section */
		0B1E60F025C1CB2E0077148A /* Build configuration list for PBXProject "sample" */ = {
			isa = XCConfigurationList;
			buildConfigurations = (
				0B1E60F125C1CB2E0077148A /* Debug */,
				0B1E60F225C1CB2E0077148A /* Release */,
			);
			defaultConfigurationIsVisible = 0;
			defaultConfigurationName = Release;
		};
/* End XCConfigurationList section */
	};
	rootObject = 0B1E60ED25C1CB2E0077148A /* Project object */;
}
